
Microsoft Visual Studio Solution File, Format Version 12.00
# Visual Studio Version 17
VisualStudioVersion = 17.5.33414.496
MinimumVisualStudioVersion = 10.0.40219.1
Project("{FAE04EC0-301F-11D3-BF4B-00C04F79EFBC}") = "Estacionamento Pare Aqui", "Estacionamento Pare Aqui\Estacionamento Pare Aqui.csproj", "{5A9A7808-514F-4C46-B16C-6FE8487A128A}"
EndProject
Global
	GlobalSection(SolutionConfigurationPlatforms) = preSolution
		Debug|Any CPU = Debug|Any CPU
		Release|Any CPU = Release|Any CPU
	EndGlobalSection
	GlobalSection(ProjectConfigurationPlatforms) = postSolution
		{5A9A7808-514F-4C46-B16C-6FE8487A128A}.Debug|Any CPU.ActiveCfg = Debug|Any CPU
		{5A9A7808-514F-4C46-B16C-6FE8487A128A}.Debug|Any CPU.Build.0 = Debug|Any CPU
		{5A9A7808-514F-4C46-B16C-6FE8487A128A}.Release|Any CPU.ActiveCfg = Release|Any CPU
		{5A9A7808-514F-4C46-B16C-6FE8487A128A}.Release|Any CPU.Build.0 = Release|Any CPU
	EndGlobalSection
	GlobalSection(SolutionProperties) = preSolution
		HideSolutionNode = FALSE
	EndGlobalSection
	GlobalSection(ExtensibilityGlobals) = postSolution
		SolutionGuid = {075C1248-737B-43A1-83A1-0E254B05EB2C}
	EndGlobalSection
EndGlobal
